// !$*UTF8*$!
{
	archiveVersion = 1;
	classes = {
	};
	objectVersion = 46;
	objects = {

/* Begin PBXBuildFile section */
		66B8C484171FE7A200D3566A /* UIKit.framework in Frameworks */ = {isa = PBXBuildFile; fileRef = 66B8C483171FE7A200D3566A /* UIKit.framework */; };
		66B8C486171FE7A200D3566A /* Foundation.framework in Frameworks */ = {isa = PBXBuildFile; fileRef = 66B8C485171FE7A200D3566A /* Foundation.framework */; };
		66B8C488171FE7A200D3566A /* CoreGraphics.framework in Frameworks */ = {isa = PBXBuildFile; fileRef = 66B8C487171FE7A200D3566A /* CoreGraphics.framework */; };
		66B8C48E171FE7A200D3566A /* InfoPlist.strings in Resources */ = {isa = PBXBuildFile; fileRef = 66B8C48C171FE7A200D3566A /* InfoPlist.strings */; };
		66B8C490171FE7A200D3566A /* main.m in Sources */ = {isa = PBXBuildFile; fileRef = 66B8C48F171FE7A200D3566A /* main.m */; };
		66B8C494171FE7A200D3566A /* AppDelegate.m in Sources */ = {isa = PBXBuildFile; fileRef = 66B8C493171FE7A200D3566A /* AppDelegate.m */; };
		66B8C496171FE7A200D3566A /* Default.png in Resources */ = {isa = PBXBuildFile; fileRef = 66B8C495171FE7A200D3566A /* Default.png */; };
		66B8C498171FE7A200D3566A /* Default@2x.png in Resources */ = {isa = PBXBuildFile; fileRef = 66B8C497171FE7A200D3566A /* Default@2x.png */; };
		66B8C49A171FE7A200D3566A /* Default-568h@2x.png in Resources */ = {isa = PBXBuildFile; fileRef = 66B8C499171FE7A200D3566A /* Default-568h@2x.png */; };
		66B8C4AE171FE85D00D3566A /* Detail1ViewController.m in Sources */ = {isa = PBXBuildFile; fileRef = 66B8C4A2171FE85D00D3566A /* Detail1ViewController.m */; };
		66B8C4AF171FE85D00D3566A /* Detail1ViewController.xib in Resources */ = {isa = PBXBuildFile; fileRef = 66B8C4A3171FE85D00D3566A /* Detail1ViewController.xib */; };
		66B8C4B0171FE85D00D3566A /* DetailViewController.m in Sources */ = {isa = PBXBuildFile; fileRef = 66B8C4A5171FE85D00D3566A /* DetailViewController.m */; };
		66B8C4B1171FE85D00D3566A /* DetailViewController.xib in Resources */ = {isa = PBXBuildFile; fileRef = 66B8C4A6171FE85D00D3566A /* DetailViewController.xib */; };
		66B8C4B2171FE85D00D3566A /* MainScreenVC.m in Sources */ = {isa = PBXBuildFile; fileRef = 66B8C4A8171FE85D00D3566A /* MainScreenVC.m */; };
		66B8C4B3171FE85D00D3566A /* MainScreenVC.xib in Resources */ = {isa = PBXBuildFile; fileRef = 66B8C4A9171FE85D00D3566A /* MainScreenVC.xib */; };
		66B8C4B4171FE85D00D3566A /* Player.m in Sources */ = {isa = PBXBuildFile; fileRef = 66B8C4AB171FE85D00D3566A /* Player.m */; };
		66B8C4B5171FE85D00D3566A /* Team.m in Sources */ = {isa = PBXBuildFile; fileRef = 66B8C4AD171FE85D00D3566A /* Team.m */; };
		66B8C9C4171FEA7200D3566A /* AleksandarKolarov.jpeg in Resources */ = {isa = PBXBuildFile; fileRef = 66B8C985171FEA7200D3566A /* AleksandarKolarov.jpeg */; };
		66B8C9C5171FEA7200D3566A /* Arsenal.jpg in Resources */ = {isa = PBXBuildFile; fileRef = 66B8C986171FEA7200D3566A /* Arsenal.jpg */; };
		66B8C9C6171FEA7200D3566A /* AshleyCole.jpeg in Resources */ = {isa = PBXBuildFile; fileRef = 66B8C987171FEA7200D3566A /* AshleyCole.jpeg */; };
		66B8C9C7171FEA7200D3566A /* BacarySagna.jpeg in Resources */ = {isa = PBXBuildFile; fileRef = 66B8C988171FEA7200D3566A /* BacarySagna.jpeg */; };
		66B8C9C8171FEA7200D3566A /* Barca.jpeg in Resources */ = {isa = PBXBuildFile; fileRef = 66B8C989171FEA7200D3566A /* Barca.jpeg */; };
		66B8C9C9171FEA7200D3566A /* BranislavIvanovic.jpeg in Resources */ = {isa = PBXBuildFile; fileRef = 66B8C98A171FEA7200D3566A /* BranislavIvanovic.jpeg */; };
		66B8C9CA171FEA7200D3566A /* CarlosTevez.jpeg in Resources */ = {isa = PBXBuildFile; fileRef = 66B8C98B171FEA7200D3566A /* CarlosTevez.jpeg */; };
		66B8C9CB171FEA7200D3566A /* Chelsea.jpeg in Resources */ = {isa = PBXBuildFile; fileRef = 66B8C98C171FEA7200D3566A /* Chelsea.jpeg */; };
		66B8C9CC171FEA7200D3566A /* DanielAgger.jpeg in Resources */ = {isa = PBXBuildFile; fileRef = 66B8C98D171FEA7200D3566A /* DanielAgger.jpeg */; };
		66B8C9CD171FEA7200D3566A /* DanielSturridge.jpeg in Resources */ = {isa = PBXBuildFile; fileRef = 66B8C98E171FEA7200D3566A /* DanielSturridge.jpeg */; };
		66B8C9CE171FEA7200D3566A /* DavidDeGea.jpeg in Resources */ = {isa = PBXBuildFile; fileRef = 66B8C98F171FEA7200D3566A /* DavidDeGea.jpeg */; };
		66B8C9CF171FEA7200D3566A /* DavidLuiz.jpeg in Resources */ = {isa = PBXBuildFile; fileRef = 66B8C990171FEA7200D3566A /* DavidLuiz.jpeg */; };
		66B8C9D0171FEA7200D3566A /* DavidSilva.jpeg in Resources */ = {isa = PBXBuildFile; fileRef = 66B8C991171FEA7200D3566A /* DavidSilva.jpeg */; };
		66B8C9D1171FEA7200D3566A /* DembaBa.jpeg in Resources */ = {isa = PBXBuildFile; fileRef = 66B8C992171FEA7200D3566A /* DembaBa.jpeg */; };
		66B8C9D2171FEA7200D3566A /* EdenHazard.jpeg in Resources */ = {isa = PBXBuildFile; fileRef = 66B8C993171FEA7200D3566A /* EdenHazard.jpeg */; };
		66B8C9D3171FEA7200D3566A /* FernandoTorres.jpeg in Resources */ = {isa = PBXBuildFile; fileRef = 66B8C994171FEA7200D3566A /* FernandoTorres.jpeg */; };
		66B8C9D4171FEA7200D3566A /* FrankLampard.jpeg in Resources */ = {isa = PBXBuildFile; fileRef = 66B8C995171FEA7200D3566A /* FrankLampard.jpeg */; };
		66B8C9D5171FEA7200D3566A /* GlenJohnson.jpeg in Resources */ = {isa = PBXBuildFile; fileRef = 66B8C996171FEA7200D3566A /* GlenJohnson.jpeg */; };
		66B8C9D6171FEA7200D3566A /* JackWilshere.jpeg in Resources */ = {isa = PBXBuildFile; fileRef = 66B8C997171FEA7200D3566A /* JackWilshere.jpeg */; };
		66B8C9D7171FEA7200D3566A /* JamesMilner.jpeg in Resources */ = {isa = PBXBuildFile; fileRef = 66B8C998171FEA7200D3566A /* JamesMilner.jpeg */; };
		66B8C9D8171FEA7200D3566A /* JamieCarragher.jpeg in Resources */ = {isa = PBXBuildFile; fileRef = 66B8C999171FEA7200D3566A /* JamieCarragher.jpeg */; };
		66B8C9D9171FEA7200D3566A /* Joe Hart.jpeg in Resources */ = {isa = PBXBuildFile; fileRef = 66B8C99A171FEA7200D3566A /* Joe Hart.jpeg */; };
		66B8C9DA171FEA7200D3566A /* JoeAllen.jpeg in Resources */ = {isa = PBXBuildFile; fileRef = 66B8C99B171FEA7200D3566A /* JoeAllen.jpeg */; };
		66B8C9DB171FEA7200D3566A /* JohnTerry.jpeg in Resources */ = {isa = PBXBuildFile; fileRef = 66B8C99C171FEA7200D3566A /* JohnTerry.jpeg */; };
		66B8C9DC171FEA7200D3566A /* JoleonLescott.jpeg in Resources */ = {isa = PBXBuildFile; fileRef = 66B8C99D171FEA7200D3566A /* JoleonLescott.jpeg */; };
		66B8C9DD171FEA7200D3566A /* JordanHenderson.jpeg in Resources */ = {isa = PBXBuildFile; fileRef = 66B8C99E171FEA7200D3566A /* JordanHenderson.jpeg */; };
		66B8C9DE171FEA7200D3566A /* JoseEnrique.jpeg in Resources */ = {isa = PBXBuildFile; fileRef = 66B8C99F171FEA7200D3566A /* JoseEnrique.jpeg */; };
		66B8C9DF171FEA7200D3566A /* JuanMata.jpeg in Resources */ = {isa = PBXBuildFile; fileRef = 66B8C9A0171FEA7200D3566A /* JuanMata.jpeg */; };
		66B8C9E0171FEA7200D3566A /* LaurentKoscielny.jpeg in Resources */ = {isa = PBXBuildFile; fileRef = 66B8C9A1171FEA7200D3566A /* LaurentKoscielny.jpeg */; };
		66B8C9E1171FEA7200D3566A /* Liverpool.jpeg in Resources */ = {isa = PBXBuildFile; fileRef = 66B8C9A2171FEA7200D3566A /* Liverpool.jpeg */; };
		66B8C9E2171FEA7200D3566A /* LuisNani.jpeg in Resources */ = {isa = PBXBuildFile; fileRef = 66B8C9A3171FEA7200D3566A /* LuisNani.jpeg */; };
		66B8C9E3171FEA7200D3566A /* LuisSuarez.jpeg in Resources */ = {isa = PBXBuildFile; fileRef = 66B8C9A4171FEA7200D3566A /* LuisSuarez.jpeg */; };
		66B8C9E4171FEA7200D3566A /* LukasPodolski.jpeg in Resources */ = {isa = PBXBuildFile; fileRef = 66B8C9A5171FEA7200D3566A /* LukasPodolski.jpeg */; };
		66B8C9E5171FEA7200D3566A /* Manchester Utd.jpg in Resources */ = {isa = PBXBuildFile; fileRef = 66B8C9A6171FEA7200D3566A /* Manchester Utd.jpg */; };
		66B8C9E6171FEA7200D3566A /* MichaelCarrick.jpeg in Resources */ = {isa = PBXBuildFile; fileRef = 66B8C9A7171FEA7200D3566A /* MichaelCarrick.jpeg */; };
		66B8C9E7171FEA7200D3566A /* MikelArteta.jpeg in Resources */ = {isa = PBXBuildFile; fileRef = 66B8C9A8171FEA7200D3566A /* MikelArteta.jpeg */; };
		66B8C9E8171FEA7200D3566A /* NemanjaVidic.jpeg in Resources */ = {isa = PBXBuildFile; fileRef = 66B8C9A9171FEA7200D3566A /* NemanjaVidic.jpeg */; };
		66B8C9E9171FEA7200D3566A /* OlivierGiroud.jpeg in Resources */ = {isa = PBXBuildFile; fileRef = 66B8C9AA171FEA7200D3566A /* OlivierGiroud.jpeg */; };
		66B8C9EA171FEA7200D3566A /* Oscar.jpeg in Resources */ = {isa = PBXBuildFile; fileRef = 66B8C9AB171FEA7200D3566A /* Oscar.jpeg */; };
		66B8C9EB171FEA7200D3566A /* PabloZabaleta.jpeg in Resources */ = {isa = PBXBuildFile; fileRef = 66B8C9AC171FEA7200D3566A /* PabloZabaleta.jpeg */; };
		66B8C9EC171FEA7200D3566A /* PatriceEvra.jpeg in Resources */ = {isa = PBXBuildFile; fileRef = 66B8C9AD171FEA7200D3566A /* PatriceEvra.jpeg */; };
		66B8C9ED171FEA7200D3566A /* PepeReina.jpeg in Resources */ = {isa = PBXBuildFile; fileRef = 66B8C9AE171FEA7200D3566A /* PepeReina.jpeg */; };
		66B8C9EE171FEA7200D3566A /* PeterCech.jpg in Resources */ = {isa = PBXBuildFile; fileRef = 66B8C9AF171FEA7200D3566A /* PeterCech.jpg */; };
		66B8C9EF171FEA7200D3566A /* Pokemon.jpg in Resources */ = {isa = PBXBuildFile; fileRef = 66B8C9B0171FEA7200D3566A /* Pokemon.jpg */; };
		66B8C9F0171FEA7200D3566A /* RafaelDaSilva.jpeg in Resources */ = {isa = PBXBuildFile; fileRef = 66B8C9B1171FEA7200D3566A /* RafaelDaSilva.jpeg */; };
		66B8C9F1171FEA7200D3566A /* Real.jpeg in Resources */ = {isa = PBXBuildFile; fileRef = 66B8C9B2171FEA7200D3566A /* Real.jpeg */; };
		66B8C9F2171FEA7200D3566A /* RobinVanPersie.jpeg in Resources */ = {isa = PBXBuildFile; fileRef = 66B8C9B3171FEA7200D3566A /* RobinVanPersie.jpeg */; };
		66B8C9F3171FEA7200D3566A /* SamirNasri.jpeg in Resources */ = {isa = PBXBuildFile; fileRef = 66B8C9B4171FEA7200D3566A /* SamirNasri.jpeg */; };
		66B8C9F4171FEA7200D3566A /* SantiCazorla.jpeg in Resources */ = {isa = PBXBuildFile; fileRef = 66B8C9B5171FEA7200D3566A /* SantiCazorla.jpeg */; };
		66B8C9F5171FEA7200D3566A /* SebastienSquillaci.jpeg in Resources */ = {isa = PBXBuildFile; fileRef = 66B8C9B6171FEA7200D3566A /* SebastienSquillaci.jpeg */; };
		66B8C9F6171FEA7200D3566A /* SergioAguero.jpeg in Resources */ = {isa = PBXBuildFile; fileRef = 66B8C9B7171FEA7200D3566A /* SergioAguero.jpeg */; };
		66B8C9F7171FEA7200D3566A /* ShinjiKagawa.jpeg in Resources */ = {isa = PBXBuildFile; fileRef = 66B8C9B8171FEA7200D3566A /* ShinjiKagawa.jpeg */; };
		66B8C9F8171FEA7200D3566A /* StevenGerrard.jpeg in Resources */ = {isa = PBXBuildFile; fileRef = 66B8C9B9171FEA7200D3566A /* StevenGerrard.jpeg */; };
		66B8C9F9171FEA7200D3566A /* StewartDowning.jpeg in Resources */ = {isa = PBXBuildFile; fileRef = 66B8C9BA171FEA7200D3566A /* StewartDowning.jpeg */; };
		66B8C9FA171FEA7200D3566A /* TheoWalcott.jpeg in Resources */ = {isa = PBXBuildFile; fileRef = 66B8C9BB171FEA7200D3566A /* TheoWalcott.jpeg */; };
		66B8C9FB171FEA7200D3566A /* ThomasVermaelen.jpeg in Resources */ = {isa = PBXBuildFile; fileRef = 66B8C9BC171FEA7200D3566A /* ThomasVermaelen.jpeg */; };
		66B8C9FC171FEA7200D3566A /* TomCleverley.jpeg in Resources */ = {isa = PBXBuildFile; fileRef = 66B8C9BD171FEA7200D3566A /* TomCleverley.jpeg */; };
		66B8C9FD171FEA7200D3566A /* VincentKompany.jpeg in Resources */ = {isa = PBXBuildFile; fileRef = 66B8C9BE171FEA7200D3566A /* VincentKompany.jpeg */; };
		66B8C9FE171FEA7200D3566A /* WayneRooney.jpeg in Resources */ = {isa = PBXBuildFile; fileRef = 66B8C9BF171FEA7200D3566A /* WayneRooney.jpeg */; };
		66B8C9FF171FEA7200D3566A /* WojciechSzczesny.jpeg in Resources */ = {isa = PBXBuildFile; fileRef = 66B8C9C0171FEA7200D3566A /* WojciechSzczesny.jpeg */; };
		66B8CA00171FEA7200D3566A /* YayaToure.jpeg in Resources */ = {isa = PBXBuildFile; fileRef = 66B8C9C1171FEA7200D3566A /* YayaToure.jpeg */; };
		66B8CA01171FEA7200D3566A /* Player.plist in Resources */ = {isa = PBXBuildFile; fileRef = 66B8C9C2171FEA7200D3566A /* Player.plist */; };
		66B8CA02171FEA7200D3566A /* Team.plist in Resources */ = {isa = PBXBuildFile; fileRef = 66B8C9C3171FEA7200D3566A /* Team.plist */; };
		66B8CA05171FEE6E00D3566A /* 0001.png in Resources */ = {isa = PBXBuildFile; fileRef = 66B8CA03171FEE6E00D3566A /* 0001.png */; };
		66B8CA06171FEE6E00D3566A /* 0002.png in Resources */ = {isa = PBXBuildFile; fileRef = 66B8CA04171FEE6E00D3566A /* 0002.png */; };
		66B8CA0A171FF0D600D3566A /* ShowAllPlayer.m in Sources */ = {isa = PBXBuildFile; fileRef = 66B8CA08171FF0D600D3566A /* ShowAllPlayer.m */; };
		66B8CA0B171FF0D600D3566A /* ShowAllPlayer.xib in Resources */ = {isa = PBXBuildFile; fileRef = 66B8CA09171FF0D600D3566A /* ShowAllPlayer.xib */; };
/* End PBXBuildFile section */

/* Begin PBXFileReference section */
		66B8C480171FE7A200D3566A /* FootballManage.app */ = {isa = PBXFileReference; explicitFileType = wrapper.application; includeInIndex = 0; path = FootballManage.app; sourceTree = BUILT_PRODUCTS_DIR; };
		66B8C483171FE7A200D3566A /* UIKit.framework */ = {isa = PBXFileReference; lastKnownFileType = wrapper.framework; name = UIKit.framework; path = System/Library/Frameworks/UIKit.framework; sourceTree = SDKROOT; };
		66B8C485171FE7A200D3566A /* Foundation.framework */ = {isa = PBXFileReference; lastKnownFileType = wrapper.framework; name = Foundation.framework; path = System/Library/Frameworks/Foundation.framework; sourceTree = SDKROOT; };
		66B8C487171FE7A200D3566A /* CoreGraphics.framework */ = {isa = PBXFileReference; lastKnownFileType = wrapper.framework; name = CoreGraphics.framework; path = System/Library/Frameworks/CoreGraphics.framework; sourceTree = SDKROOT; };
		66B8C48B171FE7A200D3566A /* FootballManage-Info.plist */ = {isa = PBXFileReference; lastKnownFileType = text.plist.xml; path = "FootballManage-Info.plist"; sourceTree = "<group>"; };
		66B8C48D171FE7A200D3566A /* en */ = {isa = PBXFileReference; lastKnownFileType = text.plist.strings; name = en; path = en.lproj/InfoPlist.strings; sourceTree = "<group>"; };
		66B8C48F171FE7A200D3566A /* main.m */ = {isa = PBXFileReference; lastKnownFileType = sourcecode.c.objc; path = main.m; sourceTree = "<group>"; };
		66B8C491171FE7A200D3566A /* FootballManage-Prefix.pch */ = {isa = PBXFileReference; lastKnownFileType = sourcecode.c.h; path = "FootballManage-Prefix.pch"; sourceTree = "<group>"; };
		66B8C492171FE7A200D3566A /* AppDelegate.h */ = {isa = PBXFileReference; lastKnownFileType = sourcecode.c.h; path = AppDelegate.h; sourceTree = "<group>"; };
		66B8C493171FE7A200D3566A /* AppDelegate.m */ = {isa = PBXFileReference; lastKnownFileType = sourcecode.c.objc; path = AppDelegate.m; sourceTree = "<group>"; };
		66B8C495171FE7A200D3566A /* Default.png */ = {isa = PBXFileReference; lastKnownFileType = image.png; path = Default.png; sourceTree = "<group>"; };
		66B8C497171FE7A200D3566A /* Default@2x.png */ = {isa = PBXFileReference; lastKnownFileType = image.png; path = "Default@2x.png"; sourceTree = "<group>"; };
		66B8C499171FE7A200D3566A /* Default-568h@2x.png */ = {isa = PBXFileReference; lastKnownFileType = image.png; path = "Default-568h@2x.png"; sourceTree = "<group>"; };
		66B8C4A1171FE85D00D3566A /* Detail1ViewController.h */ = {isa = PBXFileReference; fileEncoding = 4; lastKnownFileType = sourcecode.c.h; name = Detail1ViewController.h; path = ../../Detail1ViewController.h; sourceTree = "<group>"; };
		66B8C4A2171FE85D00D3566A /* Detail1ViewController.m */ = {isa = PBXFileReference; fileEncoding = 4; lastKnownFileType = sourcecode.c.objc; path = Detail1ViewController.m; sourceTree = "<group>"; };
		66B8C4A3171FE85D00D3566A /* Detail1ViewController.xib */ = {isa = PBXFileReference; fileEncoding = 4; lastKnownFileType = file.xib; path = Detail1ViewController.xib; sourceTree = "<group>"; };
		66B8C4A4171FE85D00D3566A /* DetailViewController.h */ = {isa = PBXFileReference; fileEncoding = 4; lastKnownFileType = sourcecode.c.h; path = DetailViewController.h; sourceTree = "<group>"; };
		66B8C4A5171FE85D00D3566A /* DetailViewController.m */ = {isa = PBXFileReference; fileEncoding = 4; lastKnownFileType = sourcecode.c.objc; path = DetailViewController.m; sourceTree = "<group>"; };
		66B8C4A6171FE85D00D3566A /* DetailViewController.xib */ = {isa = PBXFileReference; fileEncoding = 4; lastKnownFileType = file.xib; path = DetailViewController.xib; sourceTree = "<group>"; };
		66B8C4A7171FE85D00D3566A /* MainScreenVC.h */ = {isa = PBXFileReference; fileEncoding = 4; lastKnownFileType = sourcecode.c.h; path = MainScreenVC.h; sourceTree = "<group>"; };
		66B8C4A8171FE85D00D3566A /* MainScreenVC.m */ = {isa = PBXFileReference; fileEncoding = 4; lastKnownFileType = sourcecode.c.objc; path = MainScreenVC.m; sourceTree = "<group>"; };
		66B8C4A9171FE85D00D3566A /* MainScreenVC.xib */ = {isa = PBXFileReference; fileEncoding = 4; lastKnownFileType = file.xib; path = MainScreenVC.xib; sourceTree = "<group>"; };
		66B8C4AA171FE85D00D3566A /* Player.h */ = {isa = PBXFileReference; fileEncoding = 4; lastKnownFileType = sourcecode.c.h; path = Player.h; sourceTree = "<group>"; };
		66B8C4AB171FE85D00D3566A /* Player.m */ = {isa = PBXFileReference; fileEncoding = 4; lastKnownFileType = sourcecode.c.objc; path = Player.m; sourceTree = "<group>"; };
		66B8C4AC171FE85D00D3566A /* Team.h */ = {isa = PBXFileReference; fileEncoding = 4; lastKnownFileType = sourcecode.c.h; path = Team.h; sourceTree = "<group>"; };
		66B8C4AD171FE85D00D3566A /* Team.m */ = {isa = PBXFileReference; fileEncoding = 4; lastKnownFileType = sourcecode.c.objc; path = Team.m; sourceTree = "<group>"; };
		66B8C985171FEA7200D3566A /* AleksandarKolarov.jpeg */ = {isa = PBXFileReference; lastKnownFileType = image.jpeg; path = AleksandarKolarov.jpeg; sourceTree = "<group>"; };
		66B8C986171FEA7200D3566A /* Arsenal.jpg */ = {isa = PBXFileReference; lastKnownFileType = image.jpeg; path = Arsenal.jpg; sourceTree = "<group>"; };
		66B8C987171FEA7200D3566A /* AshleyCole.jpeg */ = {isa = PBXFileReference; lastKnownFileType = image.jpeg; path = AshleyCole.jpeg; sourceTree = "<group>"; };
		66B8C988171FEA7200D3566A /* BacarySagna.jpeg */ = {isa = PBXFileReference; lastKnownFileType = image.jpeg; path = BacarySagna.jpeg; sourceTree = "<group>"; };
		66B8C989171FEA7200D3566A /* Barca.jpeg */ = {isa = PBXFileReference; lastKnownFileType = image.jpeg; path = Barca.jpeg; sourceTree = "<group>"; };
		66B8C98A171FEA7200D3566A /* BranislavIvanovic.jpeg */ = {isa = PBXFileReference; lastKnownFileType = image.jpeg; path = BranislavIvanovic.jpeg; sourceTree = "<group>"; };
		66B8C98B171FEA7200D3566A /* CarlosTevez.jpeg */ = {isa = PBXFileReference; lastKnownFileType = image.jpeg; path = CarlosTevez.jpeg; sourceTree = "<group>"; };
		66B8C98C171FEA7200D3566A /* Chelsea.jpeg */ = {isa = PBXFileReference; lastKnownFileType = image.jpeg; path = Chelsea.jpeg; sourceTree = "<group>"; };
		66B8C98D171FEA7200D3566A /* DanielAgger.jpeg */ = {isa = PBXFileReference; lastKnownFileType = image.jpeg; path = DanielAgger.jpeg; sourceTree = "<group>"; };
		66B8C98E171FEA7200D3566A /* DanielSturridge.jpeg */ = {isa = PBXFileReference; lastKnownFileType = image.jpeg; path = DanielSturridge.jpeg; sourceTree = "<group>"; };
		66B8C98F171FEA7200D3566A /* DavidDeGea.jpeg */ = {isa = PBXFileReference; lastKnownFileType = image.jpeg; path = DavidDeGea.jpeg; sourceTree = "<group>"; };
		66B8C990171FEA7200D3566A /* DavidLuiz.jpeg */ = {isa = PBXFileReference; lastKnownFileType = image.jpeg; path = DavidLuiz.jpeg; sourceTree = "<group>"; };
		66B8C991171FEA7200D3566A /* DavidSilva.jpeg */ = {isa = PBXFileReference; lastKnownFileType = image.jpeg; path = DavidSilva.jpeg; sourceTree = "<group>"; };
		66B8C992171FEA7200D3566A /* DembaBa.jpeg */ = {isa = PBXFileReference; lastKnownFileType = image.jpeg; path = DembaBa.jpeg; sourceTree = "<group>"; };
		66B8C993171FEA7200D3566A /* EdenHazard.jpeg */ = {isa = PBXFileReference; lastKnownFileType = image.jpeg; path = EdenHazard.jpeg; sourceTree = "<group>"; };
		66B8C994171FEA7200D3566A /* FernandoTorres.jpeg */ = {isa = PBXFileReference; lastKnownFileType = image.jpeg; path = FernandoTorres.jpeg; sourceTree = "<group>"; };
		66B8C995171FEA7200D3566A /* FrankLampard.jpeg */ = {isa = PBXFileReference; lastKnownFileType = image.jpeg; path = FrankLampard.jpeg; sourceTree = "<group>"; };
		66B8C996171FEA7200D3566A /* GlenJohnson.jpeg */ = {isa = PBXFileReference; lastKnownFileType = image.jpeg; path = GlenJohnson.jpeg; sourceTree = "<group>"; };
		66B8C997171FEA7200D3566A /* JackWilshere.jpeg */ = {isa = PBXFileReference; lastKnownFileType = image.jpeg; path = JackWilshere.jpeg; sourceTree = "<group>"; };
		66B8C998171FEA7200D3566A /* JamesMilner.jpeg */ = {isa = PBXFileReference; lastKnownFileType = image.jpeg; path = JamesMilner.jpeg; sourceTree = "<group>"; };
		66B8C999171FEA7200D3566A /* JamieCarragher.jpeg */ = {isa = PBXFileReference; lastKnownFileType = image.jpeg; path = JamieCarragher.jpeg; sourceTree = "<group>"; };
		66B8C99A171FEA7200D3566A /* Joe Hart.jpeg */ = {isa = PBXFileReference; lastKnownFileType = image.jpeg; path = "Joe Hart.jpeg"; sourceTree = "<group>"; };
		66B8C99B171FEA7200D3566A /* JoeAllen.jpeg */ = {isa = PBXFileReference; lastKnownFileType = image.jpeg; path = JoeAllen.jpeg; sourceTree = "<group>"; };
		66B8C99C171FEA7200D3566A /* JohnTerry.jpeg */ = {isa = PBXFileReference; lastKnownFileType = image.jpeg; path = JohnTerry.jpeg; sourceTree = "<group>"; };
		66B8C99D171FEA7200D3566A /* JoleonLescott.jpeg */ = {isa = PBXFileReference; lastKnownFileType = image.jpeg; path = JoleonLescott.jpeg; sourceTree = "<group>"; };
		66B8C99E171FEA7200D3566A /* JordanHenderson.jpeg */ = {isa = PBXFileReference; lastKnownFileType = image.jpeg; path = JordanHenderson.jpeg; sourceTree = "<group>"; };
		66B8C99F171FEA7200D3566A /* JoseEnrique.jpeg */ = {isa = PBXFileReference; lastKnownFileType = image.jpeg; path = JoseEnrique.jpeg; sourceTree = "<group>"; };
		66B8C9A0171FEA7200D3566A /* JuanMata.jpeg */ = {isa = PBXFileReference; lastKnownFileType = image.jpeg; path = JuanMata.jpeg; sourceTree = "<group>"; };
		66B8C9A1171FEA7200D3566A /* LaurentKoscielny.jpeg */ = {isa = PBXFileReference; lastKnownFileType = image.jpeg; path = LaurentKoscielny.jpeg; sourceTree = "<group>"; };
		66B8C9A2171FEA7200D3566A /* Liverpool.jpeg */ = {isa = PBXFileReference; lastKnownFileType = image.jpeg; path = Liverpool.jpeg; sourceTree = "<group>"; };
		66B8C9A3171FEA7200D3566A /* LuisNani.jpeg */ = {isa = PBXFileReference; lastKnownFileType = image.jpeg; path = LuisNani.jpeg; sourceTree = "<group>"; };
		66B8C9A4171FEA7200D3566A /* LuisSuarez.jpeg */ = {isa = PBXFileReference; lastKnownFileType = image.jpeg; path = LuisSuarez.jpeg; sourceTree = "<group>"; };
		66B8C9A5171FEA7200D3566A /* LukasPodolski.jpeg */ = {isa = PBXFileReference; lastKnownFileType = image.jpeg; path = LukasPodolski.jpeg; sourceTree = "<group>"; };
		66B8C9A6171FEA7200D3566A /* Manchester Utd.jpg */ = {isa = PBXFileReference; lastKnownFileType = image.jpeg; path = "Manchester Utd.jpg"; sourceTree = "<group>"; };
		66B8C9A7171FEA7200D3566A /* MichaelCarrick.jpeg */ = {isa = PBXFileReference; lastKnownFileType = image.jpeg; path = MichaelCarrick.jpeg; sourceTree = "<group>"; };
		66B8C9A8171FEA7200D3566A /* MikelArteta.jpeg */ = {isa = PBXFileReference; lastKnownFileType = image.jpeg; path = MikelArteta.jpeg; sourceTree = "<group>"; };
		66B8C9A9171FEA7200D3566A /* NemanjaVidic.jpeg */ = {isa = PBXFileReference; lastKnownFileType = image.jpeg; path = NemanjaVidic.jpeg; sourceTree = "<group>"; };
		66B8C9AA171FEA7200D3566A /* OlivierGiroud.jpeg */ = {isa = PBXFileReference; lastKnownFileType = image.jpeg; path = OlivierGiroud.jpeg; sourceTree = "<group>"; };
		66B8C9AB171FEA7200D3566A /* Oscar.jpeg */ = {isa = PBXFileReference; lastKnownFileType = image.jpeg; path = Oscar.jpeg; sourceTree = "<group>"; };
		66B8C9AC171FEA7200D3566A /* PabloZabaleta.jpeg */ = {isa = PBXFileReference; lastKnownFileType = image.jpeg; path = PabloZabaleta.jpeg; sourceTree = "<group>"; };
		66B8C9AD171FEA7200D3566A /* PatriceEvra.jpeg */ = {isa = PBXFileReference; lastKnownFileType = image.jpeg; path = PatriceEvra.jpeg; sourceTree = "<group>"; };
		66B8C9AE171FEA7200D3566A /* PepeReina.jpeg */ = {isa = PBXFileReference; lastKnownFileType = image.jpeg; path = PepeReina.jpeg; sourceTree = "<group>"; };
		66B8C9AF171FEA7200D3566A /* PeterCech.jpg */ = {isa = PBXFileReference; lastKnownFileType = image.jpeg; path = PeterCech.jpg; sourceTree = "<group>"; };
		66B8C9B0171FEA7200D3566A /* Pokemon.jpg */ = {isa = PBXFileReference; lastKnownFileType = image.jpeg; path = Pokemon.jpg; sourceTree = "<group>"; };
		66B8C9B1171FEA7200D3566A /* RafaelDaSilva.jpeg */ = {isa = PBXFileReference; lastKnownFileType = image.jpeg; path = RafaelDaSilva.jpeg; sourceTree = "<group>"; };
		66B8C9B2171FEA7200D3566A /* Real.jpeg */ = {isa = PBXFileReference; lastKnownFileType = image.jpeg; path = Real.jpeg; sourceTree = "<group>"; };
		66B8C9B3171FEA7200D3566A /* RobinVanPersie.jpeg */ = {isa = PBXFileReference; lastKnownFileType = image.jpeg; path = RobinVanPersie.jpeg; sourceTree = "<group>"; };
		66B8C9B4171FEA7200D3566A /* SamirNasri.jpeg */ = {isa = PBXFileReference; lastKnownFileType = image.jpeg; path = SamirNasri.jpeg; sourceTree = "<group>"; };
		66B8C9B5171FEA7200D3566A /* SantiCazorla.jpeg */ = {isa = PBXFileReference; lastKnownFileType = image.jpeg; path = SantiCazorla.jpeg; sourceTree = "<group>"; };
		66B8C9B6171FEA7200D3566A /* SebastienSquillaci.jpeg */ = {isa = PBXFileReference; lastKnownFileType = image.jpeg; path = SebastienSquillaci.jpeg; sourceTree = "<group>"; };
		66B8C9B7171FEA7200D3566A /* SergioAguero.jpeg */ = {isa = PBXFileReference; lastKnownFileType = image.jpeg; path = SergioAguero.jpeg; sourceTree = "<group>"; };
		66B8C9B8171FEA7200D3566A /* ShinjiKagawa.jpeg */ = {isa = PBXFileReference; lastKnownFileType = image.jpeg; path = ShinjiKagawa.jpeg; sourceTree = "<group>"; };
		66B8C9B9171FEA7200D3566A /* StevenGerrard.jpeg */ = {isa = PBXFileReference; lastKnownFileType = image.jpeg; path = StevenGerrard.jpeg; sourceTree = "<group>"; };
		66B8C9BA171FEA7200D3566A /* StewartDowning.jpeg */ = {isa = PBXFileReference; lastKnownFileType = image.jpeg; path = StewartDowning.jpeg; sourceTree = "<group>"; };
		66B8C9BB171FEA7200D3566A /* TheoWalcott.jpeg */ = {isa = PBXFileReference; lastKnownFileType = image.jpeg; path = TheoWalcott.jpeg; sourceTree = "<group>"; };
		66B8C9BC171FEA7200D3566A /* ThomasVermaelen.jpeg */ = {isa = PBXFileReference; lastKnownFileType = image.jpeg; path = ThomasVermaelen.jpeg; sourceTree = "<group>"; };
		66B8C9BD171FEA7200D3566A /* TomCleverley.jpeg */ = {isa = PBXFileReference; lastKnownFileType = image.jpeg; path = TomCleverley.jpeg; sourceTree = "<group>"; };
		66B8C9BE171FEA7200D3566A /* VincentKompany.jpeg */ = {isa = PBXFileReference; lastKnownFileType = image.jpeg; path = VincentKompany.jpeg; sourceTree = "<group>"; };
		66B8C9BF171FEA7200D3566A /* WayneRooney.jpeg */ = {isa = PBXFileReference; lastKnownFileType = image.jpeg; path = WayneRooney.jpeg; sourceTree = "<group>"; };
		66B8C9C0171FEA7200D3566A /* WojciechSzczesny.jpeg */ = {isa = PBXFileReference; lastKnownFileType = image.jpeg; path = WojciechSzczesny.jpeg; sourceTree = "<group>"; };
		66B8C9C1171FEA7200D3566A /* YayaToure.jpeg */ = {isa = PBXFileReference; lastKnownFileType = image.jpeg; path = YayaToure.jpeg; sourceTree = "<group>"; };
		66B8C9C2171FEA7200D3566A /* Player.plist */ = {isa = PBXFileReference; fileEncoding = 4; lastKnownFileType = text.plist.xml; path = Player.plist; sourceTree = "<group>"; };
		66B8C9C3171FEA7200D3566A /* Team.plist */ = {isa = PBXFileReference; fileEncoding = 4; lastKnownFileType = text.plist.xml; path = Team.plist; sourceTree = "<group>"; };
		66B8CA03171FEE6E00D3566A /* 0001.png */ = {isa = PBXFileReference; lastKnownFileType = image.png; name = 0001.png; path = "FootballManage/galuca-icon/Icon/0001.png"; sourceTree = "<group>"; };
		66B8CA04171FEE6E00D3566A /* 0002.png */ = {isa = PBXFileReference; lastKnownFileType = image.png; name = 0002.png; path = "FootballManage/galuca-icon/Icon/0002.png"; sourceTree = "<group>"; };
		66B8CA07171FF0D600D3566A /* ShowAllPlayer.h */ = {isa = PBXFileReference; fileEncoding = 4; lastKnownFileType = sourcecode.c.h; name = ShowAllPlayer.h; path = FootballManage/hinhdoibong/ShowAllPlayer.h; sourceTree = "<group>"; };
		66B8CA08171FF0D600D3566A /* ShowAllPlayer.m */ = {isa = PBXFileReference; fileEncoding = 4; lastKnownFileType = sourcecode.c.objc; name = ShowAllPlayer.m; path = FootballManage/hinhdoibong/ShowAllPlayer.m; sourceTree = "<group>"; };
		66B8CA09171FF0D600D3566A /* ShowAllPlayer.xib */ = {isa = PBXFileReference; fileEncoding = 4; lastKnownFileType = file.xib; name = ShowAllPlayer.xib; path = FootballManage/hinhdoibong/ShowAllPlayer.xib; sourceTree = "<group>"; };
/* End PBXFileReference section */

/* Begin PBXFrameworksBuildPhase section */
		66B8C47D171FE7A200D3566A /* Frameworks */ = {
			isa = PBXFrameworksBuildPhase;
			buildActionMask = 2147483647;
			files = (
				66B8C484171FE7A200D3566A /* UIKit.framework in Frameworks */,
				66B8C486171FE7A200D3566A /* Foundation.framework in Frameworks */,
				66B8C488171FE7A200D3566A /* CoreGraphics.framework in Frameworks */,
			);
			runOnlyForDeploymentPostprocessing = 0;
		};
/* End PBXFrameworksBuildPhase section */

/* Begin PBXGroup section */
		66B8C477171FE7A100D3566A = {
			isa = PBXGroup;
			children = (
				66B8C4A0171FE81800D3566A /* C */,
				66B8C489171FE7A200D3566A /* FootballManage */,
				66B8C482171FE7A200D3566A /* Frameworks */,
				66B8C481171FE7A200D3566A /* Products */,
			);
			sourceTree = "<group>";
		};
		66B8C481171FE7A200D3566A /* Products */ = {
			isa = PBXGroup;
			children = (
				66B8C480171FE7A200D3566A /* FootballManage.app */,
			);
			name = Products;
			sourceTree = "<group>";
		};
		66B8C482171FE7A200D3566A /* Frameworks */ = {
			isa = PBXGroup;
			children = (
				66B8C483171FE7A200D3566A /* UIKit.framework */,
				66B8C485171FE7A200D3566A /* Foundation.framework */,
				66B8C487171FE7A200D3566A /* CoreGraphics.framework */,
			);
			name = Frameworks;
			sourceTree = "<group>";
		};
		66B8C489171FE7A200D3566A /* FootballManage */ = {
			isa = PBXGroup;
			children = (
				66B8C492171FE7A200D3566A /* AppDelegate.h */,
				66B8C493171FE7A200D3566A /* AppDelegate.m */,
				66B8C48A171FE7A200D3566A /* Supporting Files */,
			);
			path = FootballManage;
			sourceTree = "<group>";
		};
		66B8C48A171FE7A200D3566A /* Supporting Files */ = {
			isa = PBXGroup;
			children = (
				66B8C9C2171FEA7200D3566A /* Player.plist */,
				66B8C9C3171FEA7200D3566A /* Team.plist */,
				66B8C48B171FE7A200D3566A /* FootballManage-Info.plist */,
				66B8C48C171FE7A200D3566A /* InfoPlist.strings */,
				66B8C48F171FE7A200D3566A /* main.m */,
				66B8C491171FE7A200D3566A /* FootballManage-Prefix.pch */,
				66B8C495171FE7A200D3566A /* Default.png */,
				66B8C497171FE7A200D3566A /* Default@2x.png */,
				66B8C499171FE7A200D3566A /* Default-568h@2x.png */,
			);
			name = "Supporting Files";
			sourceTree = "<group>";
		};
		66B8C4A0171FE81800D3566A /* C */ = {
			isa = PBXGroup;
			children = (
				66B8CA03171FEE6E00D3566A /* 0001.png */,
				66B8CA04171FEE6E00D3566A /* 0002.png */,
				66B8C984171FEA7200D3566A /* hinhdoibong */,
				66B8CA07171FF0D600D3566A /* ShowAllPlayer.h */,
				66B8CA08171FF0D600D3566A /* ShowAllPlayer.m */,
				66B8CA09171FF0D600D3566A /* ShowAllPlayer.xib */,
				66B8C4A3171FE85D00D3566A /* Detail1ViewController.xib */,
				66B8C4A2171FE85D00D3566A /* Detail1ViewController.m */,
				66B8C4A4171FE85D00D3566A /* DetailViewController.h */,
				66B8C4A5171FE85D00D3566A /* DetailViewController.m */,
				66B8C4A6171FE85D00D3566A /* DetailViewController.xib */,
				66B8C4A7171FE85D00D3566A /* MainScreenVC.h */,
				66B8C4A8171FE85D00D3566A /* MainScreenVC.m */,
				66B8C4A9171FE85D00D3566A /* MainScreenVC.xib */,
				66B8C4AA171FE85D00D3566A /* Player.h */,
				66B8C4AB171FE85D00D3566A /* Player.m */,
				66B8C4AC171FE85D00D3566A /* Team.h */,
				66B8C4AD171FE85D00D3566A /* Team.m */,
			);
			name = C;
			sourceTree = "<group>";
		};
		66B8C984171FEA7200D3566A /* hinhdoibong */ = {
			isa = PBXGroup;
			children = (
				66B8C4A1171FE85D00D3566A /* Detail1ViewController.h */,
				66B8C985171FEA7200D3566A /* AleksandarKolarov.jpeg */,
				66B8C986171FEA7200D3566A /* Arsenal.jpg */,
				66B8C987171FEA7200D3566A /* AshleyCole.jpeg */,
				66B8C988171FEA7200D3566A /* BacarySagna.jpeg */,
				66B8C989171FEA7200D3566A /* Barca.jpeg */,
				66B8C98A171FEA7200D3566A /* BranislavIvanovic.jpeg */,
				66B8C98B171FEA7200D3566A /* CarlosTevez.jpeg */,
				66B8C98C171FEA7200D3566A /* Chelsea.jpeg */,
				66B8C98D171FEA7200D3566A /* DanielAgger.jpeg */,
				66B8C98E171FEA7200D3566A /* DanielSturridge.jpeg */,
				66B8C98F171FEA7200D3566A /* DavidDeGea.jpeg */,
				66B8C990171FEA7200D3566A /* DavidLuiz.jpeg */,
				66B8C991171FEA7200D3566A /* DavidSilva.jpeg */,
				66B8C992171FEA7200D3566A /* DembaBa.jpeg */,
				66B8C993171FEA7200D3566A /* EdenHazard.jpeg */,
				66B8C994171FEA7200D3566A /* FernandoTorres.jpeg */,
				66B8C995171FEA7200D3566A /* FrankLampard.jpeg */,
				66B8C996171FEA7200D3566A /* GlenJohnson.jpeg */,
				66B8C997171FEA7200D3566A /* JackWilshere.jpeg */,
				66B8C998171FEA7200D3566A /* JamesMilner.jpeg */,
				66B8C999171FEA7200D3566A /* JamieCarragher.jpeg */,
				66B8C99A171FEA7200D3566A /* Joe Hart.jpeg */,
				66B8C99B171FEA7200D3566A /* JoeAllen.jpeg */,
				66B8C99C171FEA7200D3566A /* JohnTerry.jpeg */,
				66B8C99D171FEA7200D3566A /* JoleonLescott.jpeg */,
				66B8C99E171FEA7200D3566A /* JordanHenderson.jpeg */,
				66B8C99F171FEA7200D3566A /* JoseEnrique.jpeg */,
				66B8C9A0171FEA7200D3566A /* JuanMata.jpeg */,
				66B8C9A1171FEA7200D3566A /* LaurentKoscielny.jpeg */,
				66B8C9A2171FEA7200D3566A /* Liverpool.jpeg */,
				66B8C9A3171FEA7200D3566A /* LuisNani.jpeg */,
				66B8C9A4171FEA7200D3566A /* LuisSuarez.jpeg */,
				66B8C9A5171FEA7200D3566A /* LukasPodolski.jpeg */,
				66B8C9A6171FEA7200D3566A /* Manchester Utd.jpg */,
				66B8C9A7171FEA7200D3566A /* MichaelCarrick.jpeg */,
				66B8C9A8171FEA7200D3566A /* MikelArteta.jpeg */,
				66B8C9A9171FEA7200D3566A /* NemanjaVidic.jpeg */,
				66B8C9AA171FEA7200D3566A /* OlivierGiroud.jpeg */,
				66B8C9AB171FEA7200D3566A /* Oscar.jpeg */,
				66B8C9AC171FEA7200D3566A /* PabloZabaleta.jpeg */,
				66B8C9AD171FEA7200D3566A /* PatriceEvra.jpeg */,
				66B8C9AE171FEA7200D3566A /* PepeReina.jpeg */,
				66B8C9AF171FEA7200D3566A /* PeterCech.jpg */,
				66B8C9B0171FEA7200D3566A /* Pokemon.jpg */,
				66B8C9B1171FEA7200D3566A /* RafaelDaSilva.jpeg */,
				66B8C9B2171FEA7200D3566A /* Real.jpeg */,
				66B8C9B3171FEA7200D3566A /* RobinVanPersie.jpeg */,
				66B8C9B4171FEA7200D3566A /* SamirNasri.jpeg */,
				66B8C9B5171FEA7200D3566A /* SantiCazorla.jpeg */,
				66B8C9B6171FEA7200D3566A /* SebastienSquillaci.jpeg */,
				66B8C9B7171FEA7200D3566A /* SergioAguero.jpeg */,
				66B8C9B8171FEA7200D3566A /* ShinjiKagawa.jpeg */,
				66B8C9B9171FEA7200D3566A /* StevenGerrard.jpeg */,
				66B8C9BA171FEA7200D3566A /* StewartDowning.jpeg */,
				66B8C9BB171FEA7200D3566A /* TheoWalcott.jpeg */,
				66B8C9BC171FEA7200D3566A /* ThomasVermaelen.jpeg */,
				66B8C9BD171FEA7200D3566A /* TomCleverley.jpeg */,
				66B8C9BE171FEA7200D3566A /* VincentKompany.jpeg */,
				66B8C9BF171FEA7200D3566A /* WayneRooney.jpeg */,
				66B8C9C0171FEA7200D3566A /* WojciechSzczesny.jpeg */,
				66B8C9C1171FEA7200D3566A /* YayaToure.jpeg */,
			);
			name = hinhdoibong;
			path = FootballManage/hinhdoibong;
			sourceTree = "<group>";
		};
/* End PBXGroup section */

/* Begin PBXNativeTarget section */
		66B8C47F171FE7A200D3566A /* FootballManage */ = {
			isa = PBXNativeTarget;
			buildConfigurationList = 66B8C49D171FE7A200D3566A /* Build configuration list for PBXNativeTarget "FootballManage" */;
			buildPhases = (
				66B8C47C171FE7A200D3566A /* Sources */,
				66B8C47D171FE7A200D3566A /* Frameworks */,
				66B8C47E171FE7A200D3566A /* Resources */,
			);
			buildRules = (
			);
			dependencies = (
			);
			name = FootballManage;
			productName = FootballManage;
			productReference = 66B8C480171FE7A200D3566A /* FootballManage.app */;
			productType = "com.apple.product-type.application";
		};
/* End PBXNativeTarget section */

/* Begin PBXProject section */
		66B8C478171FE7A100D3566A /* Project object */ = {
			isa = PBXProject;
			attributes = {
				LastUpgradeCheck = 0460;
				ORGANIZATIONNAME = THANHTUNG;
			};
			buildConfigurationList = 66B8C47B171FE7A100D3566A /* Build configuration list for PBXProject "FootballManage" */;
			compatibilityVersion = "Xcode 3.2";
			developmentRegion = English;
			hasScannedForEncodings = 0;
			knownRegions = (
				en,
			);
			mainGroup = 66B8C477171FE7A100D3566A;
			productRefGroup = 66B8C481171FE7A200D3566A /* Products */;
			projectDirPath = "";
			projectRoot = "";
			targets = (
				66B8C47F171FE7A200D3566A /* FootballManage */,
			);
		};
/* End PBXProject section */

/* Begin PBXResourcesBuildPhase section */
		66B8C47E171FE7A200D3566A /* Resources */ = {
			isa = PBXResourcesBuildPhase;
			buildActionMask = 2147483647;
			files = (
				66B8C48E171FE7A200D3566A /* InfoPlist.strings in Resources */,
				66B8C496171FE7A200D3566A /* Default.png in Resources */,
				66B8C498171FE7A200D3566A /* Default@2x.png in Resources */,
				66B8C49A171FE7A200D3566A /* Default-568h@2x.png in Resources */,
				66B8C4AF171FE85D00D3566A /* Detail1ViewController.xib in Resources */,
				66B8C4B1171FE85D00D3566A /* DetailViewController.xib in Resources */,
				66B8C4B3171FE85D00D3566A /* MainScreenVC.xib in Resources */,
				66B8C9C4171FEA7200D3566A /* AleksandarKolarov.jpeg in Resources */,
				66B8C9C5171FEA7200D3566A /* Arsenal.jpg in Resources */,
				66B8C9C6171FEA7200D3566A /* AshleyCole.jpeg in Resources */,
				66B8C9C7171FEA7200D3566A /* BacarySagna.jpeg in Resources */,
				66B8C9C8171FEA7200D3566A /* Barca.jpeg in Resources */,
				66B8C9C9171FEA7200D3566A /* BranislavIvanovic.jpeg in Resources */,
				66B8C9CA171FEA7200D3566A /* CarlosTevez.jpeg in Resources */,
				66B8C9CB171FEA7200D3566A /* Chelsea.jpeg in Resources */,
				66B8C9CC171FEA7200D3566A /* DanielAgger.jpeg in Resources */,
				66B8C9CD171FEA7200D3566A /* DanielSturridge.jpeg in Resources */,
				66B8C9CE171FEA7200D3566A /* DavidDeGea.jpeg in Resources */,
				66B8C9CF171FEA7200D3566A /* DavidLuiz.jpeg in Resources */,
				66B8C9D0171FEA7200D3566A /* DavidSilva.jpeg in Resources */,
				66B8C9D1171FEA7200D3566A /* DembaBa.jpeg in Resources */,
				66B8C9D2171FEA7200D3566A /* EdenHazard.jpeg in Resources */,
				66B8C9D3171FEA7200D3566A /* FernandoTorres.jpeg in Resources */,
				66B8C9D4171FEA7200D3566A /* FrankLampard.jpeg in Resources */,
				66B8C9D5171FEA7200D3566A /* GlenJohnson.jpeg in Resources */,
				66B8C9D6171FEA7200D3566A /* JackWilshere.jpeg in Resources */,
				66B8C9D7171FEA7200D3566A /* JamesMilner.jpeg in Resources */,
				66B8C9D8171FEA7200D3566A /* JamieCarragher.jpeg in Resources */,
				66B8C9D9171FEA7200D3566A /* Joe Hart.jpeg in Resources */,
				66B8C9DA171FEA7200D3566A /* JoeAllen.jpeg in Resources */,
				66B8C9DB171FEA7200D3566A /* JohnTerry.jpeg in Resources */,
				66B8C9DC171FEA7200D3566A /* JoleonLescott.jpeg in Resources */,
				66B8C9DD171FEA7200D3566A /* JordanHenderson.jpeg in Resources */,
				66B8C9DE171FEA7200D3566A /* JoseEnrique.jpeg in Resources */,
				66B8C9DF171FEA7200D3566A /* JuanMata.jpeg in Resources */,
				66B8C9E0171FEA7200D3566A /* LaurentKoscielny.jpeg in Resources */,
				66B8C9E1171FEA7200D3566A /* Liverpool.jpeg in Resources */,
				66B8C9E2171FEA7200D3566A /* LuisNani.jpeg in Resources */,
				66B8C9E3171FEA7200D3566A /* LuisSuarez.jpeg in Resources */,
				66B8C9E4171FEA7200D3566A /* LukasPodolski.jpeg in Resources */,
				66B8C9E5171FEA7200D3566A /* Manchester Utd.jpg in Resources */,
				66B8C9E6171FEA7200D3566A /* MichaelCarrick.jpeg in Resources */,
				66B8C9E7171FEA7200D3566A /* MikelArteta.jpeg in Resources */,
				66B8C9E8171FEA7200D3566A /* NemanjaVidic.jpeg in Resources */,
				66B8C9E9171FEA7200D3566A /* OlivierGiroud.jpeg in Resources */,
				66B8C9EA171FEA7200D3566A /* Oscar.jpeg in Resources */,
				66B8C9EB171FEA7200D3566A /* PabloZabaleta.jpeg in Resources */,
				66B8C9EC171FEA7200D3566A /* PatriceEvra.jpeg in Resources */,
				66B8C9ED171FEA7200D3566A /* PepeReina.jpeg in Resources */,
				66B8C9EE171FEA7200D3566A /* PeterCech.jpg in Resources */,
				66B8C9EF171FEA7200D3566A /* Pokemon.jpg in Resources */,
				66B8C9F0171FEA7200D3566A /* RafaelDaSilva.jpeg in Resources */,
				66B8C9F1171FEA7200D3566A /* Real.jpeg in Resources */,
				66B8C9F2171FEA7200D3566A /* RobinVanPersie.jpeg in Resources */,
				66B8C9F3171FEA7200D3566A /* SamirNasri.jpeg in Resources */,
				66B8C9F4171FEA7200D3566A /* SantiCazorla.jpeg in Resources */,
				66B8C9F5171FEA7200D3566A /* SebastienSquillaci.jpeg in Resources */,
				66B8C9F6171FEA7200D3566A /* SergioAguero.jpeg in Resources */,
				66B8C9F7171FEA7200D3566A /* ShinjiKagawa.jpeg in Resources */,
				66B8C9F8171FEA7200D3566A /* StevenGerrard.jpeg in Resources */,
				66B8C9F9171FEA7200D3566A /* StewartDowning.jpeg in Resources */,
				66B8C9FA171FEA7200D3566A /* TheoWalcott.jpeg in Resources */,
				66B8C9FB171FEA7200D3566A /* ThomasVermaelen.jpeg in Resources */,
				66B8C9FC171FEA7200D3566A /* TomCleverley.jpeg in Resources */,
				66B8C9FD171FEA7200D3566A /* VincentKompany.jpeg in Resources */,
				66B8C9FE171FEA7200D3566A /* WayneRooney.jpeg in Resources */,
				66B8C9FF171FEA7200D3566A /* WojciechSzczesny.jpeg in Resources */,
				66B8CA00171FEA7200D3566A /* YayaToure.jpeg in Resources */,
				66B8CA01171FEA7200D3566A /* Player.plist in Resources */,
				66B8CA02171FEA7200D3566A /* Team.plist in Resources */,
				66B8CA05171FEE6E00D3566A /* 0001.png in Resources */,
				66B8CA06171FEE6E00D3566A /* 0002.png in Resources */,
				66B8CA0B171FF0D600D3566A /* ShowAllPlayer.xib in Resources */,
			);
			runOnlyForDeploymentPostprocessing = 0;
		};
/* End PBXResourcesBuildPhase section */

/* Begin PBXSourcesBuildPhase section */
		66B8C47C171FE7A200D3566A /* Sources */ = {
			isa = PBXSourcesBuildPhase;
			buildActionMask = 2147483647;
			files = (
				66B8C490171FE7A200D3566A /* main.m in Sources */,
				66B8C494171FE7A200D3566A /* AppDelegate.m in Sources */,
				66B8C4AE171FE85D00D3566A /* Detail1ViewController.m in Sources */,
				66B8C4B0171FE85D00D3566A /* DetailViewController.m in Sources */,
				66B8C4B2171FE85D00D3566A /* MainScreenVC.m in Sources */,
				66B8C4B4171FE85D00D3566A /* Player.m in Sources */,
				66B8C4B5171FE85D00D3566A /* Team.m in Sources */,
				66B8CA0A171FF0D600D3566A /* ShowAllPlayer.m in Sources */,
			);
			runOnlyForDeploymentPostprocessing = 0;
		};
/* End PBXSourcesBuildPhase section */

/* Begin PBXVariantGroup section */
		66B8C48C171FE7A200D3566A /* InfoPlist.strings */ = {
			isa = PBXVariantGroup;
			children = (
				66B8C48D171FE7A200D3566A /* en */,
			);
			name = InfoPlist.strings;
			sourceTree = "<group>";
		};
/* End PBXVariantGroup section */

/* Begin XCBuildConfiguration section */
		66B8C49B171FE7A200D3566A /* Debug */ = {
			isa = XCBuildConfiguration;
			buildSettings = {
				ALWAYS_SEARCH_USER_PATHS = NO;
				CLANG_CXX_LANGUAGE_STANDARD = "gnu++0x";
				CLANG_CXX_LIBRARY = "libc++";
				CLANG_ENABLE_OBJC_ARC = YES;
				CLANG_WARN_CONSTANT_CONVERSION = YES;
				CLANG_WARN_EMPTY_BODY = YES;
				CLANG_WARN_ENUM_CONVERSION = YES;
				CLANG_WARN_INT_CONVERSION = YES;
				CLANG_WARN__DUPLICATE_METHOD_MATCH = YES;
				"CODE_SIGN_IDENTITY[sdk=iphoneos*]" = "iPhone Developer";
				COPY_PHASE_STRIP = NO;
				GCC_C_LANGUAGE_STANDARD = gnu99;
				GCC_DYNAMIC_NO_PIC = NO;
				GCC_OPTIMIZATION_LEVEL = 0;
				GCC_PREPROCESSOR_DEFINITIONS = (
					"DEBUG=1",
					"$(inherited)",
				);
				GCC_SYMBOLS_PRIVATE_EXTERN = NO;
				GCC_WARN_ABOUT_RETURN_TYPE = YES;
				GCC_WARN_UNINITIALIZED_AUTOS = YES;
				GCC_WARN_UNUSED_VARIABLE = YES;
				IPHONEOS_DEPLOYMENT_TARGET = 6.1;
				ONLY_ACTIVE_ARCH = YES;
				SDKROOT = iphoneos;
			};
			name = Debug;
		};
		66B8C49C171FE7A200D3566A /* Release */ = {
			isa = XCBuildConfiguration;
			buildSettings = {
				ALWAYS_SEARCH_USER_PATHS = NO;
				CLANG_CXX_LANGUAGE_STANDARD = "gnu++0x";
				CLANG_CXX_LIBRARY = "libc++";
				CLANG_ENABLE_OBJC_ARC = YES;
				CLANG_WARN_CONSTANT_CONVERSION = YES;
				CLANG_WARN_EMPTY_BODY = YES;
				CLANG_WARN_ENUM_CONVERSION = YES;
				CLANG_WARN_INT_CONVERSION = YES;
				CLANG_WARN__DUPLICATE_METHOD_MATCH = YES;
				"CODE_SIGN_IDENTITY[sdk=iphoneos*]" = "iPhone Developer";
				COPY_PHASE_STRIP = YES;
				GCC_C_LANGUAGE_STANDARD = gnu99;
				GCC_WARN_ABOUT_RETURN_TYPE = YES;
				GCC_WARN_UNINITIALIZED_AUTOS = YES;
				GCC_WARN_UNUSED_VARIABLE = YES;
				IPHONEOS_DEPLOYMENT_TARGET = 6.1;
				OTHER_CFLAGS = "-DNS_BLOCK_ASSERTIONS=1";
				SDKROOT = iphoneos;
				VALIDATE_PRODUCT = YES;
			};
			name = Release;
		};
		66B8C49E171FE7A200D3566A /* Debug */ = {
			isa = XCBuildConfiguration;
			buildSettings = {
				GCC_PRECOMPILE_PREFIX_HEADER = YES;
				GCC_PREFIX_HEADER = "FootballManage/FootballManage-Prefix.pch";
				INFOPLIST_FILE = "FootballManage/FootballManage-Info.plist";
				PRODUCT_NAME = "$(TARGET_NAME)";
				WRAPPER_EXTENSION = app;
			};
			name = Debug;
		};
		66B8C49F171FE7A200D3566A /* Release */ = {
			isa = XCBuildConfiguration;
			buildSettings = {
				GCC_PRECOMPILE_PREFIX_HEADER = YES;
				GCC_PREFIX_HEADER = "FootballManage/FootballManage-Prefix.pch";
				INFOPLIST_FILE = "FootballManage/FootballManage-Info.plist";
				PRODUCT_NAME = "$(TARGET_NAME)";
				WRAPPER_EXTENSION = app;
			};
			name = Release;
		};
/* End XCBuildConfiguration section */

/* Begin XCConfigurationList section */
		66B8C47B171FE7A100D3566A /* Build configuration list for PBXProject "FootballManage" */ = {
			isa = XCConfigurationList;
			buildConfigurations = (
				66B8C49B171FE7A200D3566A /* Debug */,
				66B8C49C171FE7A200D3566A /* Release */,
			);
			defaultConfigurationIsVisible = 0;
			defaultConfigurationName = Release;
		};
		66B8C49D171FE7A200D3566A /* Build configuration list for PBXNativeTarget "FootballManage" */ = {
			isa = XCConfigurationList;
			buildConfigurations = (
				66B8C49E171FE7A200D3566A /* Debug */,
				66B8C49F171FE7A200D3566A /* Release */,
			);
			defaultConfigurationIsVisible = 0;
		};
/* End XCConfigurationList section */
	};
	rootObject = 66B8C478171FE7A100D3566A /* Project object */;
}
